
Microsoft Visual Studio Solution File, Format Version 12.00
# Visual Studio 14
VisualStudioVersion = 14.0.23107.0
MinimumVisualStudioVersion = 10.0.40219.1
Project("{FAE04EC0-301F-11D3-BF4B-00C04F79EFBC}") = "StylishCalculator", "StylishCalculator\StylishCalculator.csproj", "{752EFC76-DE48-46E3-B381-8E988E2ADFBB}"
EndProject
Global
	GlobalSection(SolutionConfigurationPlatforms) = preSolution
		Debug|Any CPU = Debug|Any CPU
		Release|Any CPU = Release|Any CPU
	EndGlobalSection
	GlobalSection(ProjectConfigurationPlatforms) = postSolution
		{752EFC76-DE48-46E3-B381-8E988E2ADFBB}.Debug|Any CPU.ActiveCfg = Debug|Any CPU
		{752EFC76-DE48-46E3-B381-8E988E2ADFBB}.Debug|Any CPU.Build.0 = Debug|Any CPU
		{752EFC76-DE48-46E3-B381-8E988E2ADFBB}.Release|Any CPU.ActiveCfg = Release|Any CPU
		{752EFC76-DE48-46E3-B381-8E988E2ADFBB}.Release|Any CPU.Build.0 = Release|Any CPU
	EndGlobalSection
	GlobalSection(SolutionProperties) = preSolution
		HideSolutionNode = FALSE
	EndGlobalSection
EndGlobal
