
Microsoft Visual Studio Solution File, Format Version 12.00
# Visual Studio 14
VisualStudioVersion = 14.0.23107.0
MinimumVisualStudioVersion = 10.0.40219.1
Project("{FAE04EC0-301F-11D3-BF4B-00C04F79EFBC}") = "Filter(Selectors)", "Week6DelegatesAndEvents\Filter(Selectors).csproj", "{2AB526A3-33C5-4B1F-9F70-125CC7FBD469}"
EndProject
Project("{FAE04EC0-301F-11D3-BF4B-00C04F79EFBC}") = "Aggregates", "Aggregates\Aggregates.csproj", "{8F38D320-DA4D-46A5-A31D-D8E56499A495}"
EndProject
Project("{FAE04EC0-301F-11D3-BF4B-00C04F79EFBC}") = "DelegateBubbleSort", "DelegateBubbleSort\DelegateBubbleSort.csproj", "{0EF01A65-0C12-4C53-A56C-85B8BB3B7942}"
EndProject
Project("{FAE04EC0-301F-11D3-BF4B-00C04F79EFBC}") = "AverageAggregator", "AverageAggregator\AverageAggregator.csproj", "{28A45638-8252-4626-8C89-CD0731632183}"
EndProject
Project("{FAE04EC0-301F-11D3-BF4B-00C04F79EFBC}") = "INotifyPropertyChangedExample", "INotifyPropertyChangedExample\INotifyPropertyChangedExample.csproj", "{6688B01E-473D-4AAE-81BA-27A7A6A7554F}"
EndProject
Project("{FAE04EC0-301F-11D3-BF4B-00C04F79EFBC}") = "NotifyCollection", "NotifyCollection\NotifyCollection.csproj", "{DBF715F9-AE15-4C12-AE6C-FE1B5455E918}"
EndProject
Project("{FAE04EC0-301F-11D3-BF4B-00C04F79EFBC}") = "NetworkReceiveBuffer", "NetworkReceiveBuffer\NetworkReceiveBuffer.csproj", "{0E97AFC7-CF80-4CBD-97F8-0BD8A0A404D1}"
EndProject
Global
	GlobalSection(SolutionConfigurationPlatforms) = preSolution
		Debug|Any CPU = Debug|Any CPU
		Release|Any CPU = Release|Any CPU
	EndGlobalSection
	GlobalSection(ProjectConfigurationPlatforms) = postSolution
		{2AB526A3-33C5-4B1F-9F70-125CC7FBD469}.Debug|Any CPU.ActiveCfg = Debug|Any CPU
		{2AB526A3-33C5-4B1F-9F70-125CC7FBD469}.Debug|Any CPU.Build.0 = Debug|Any CPU
		{2AB526A3-33C5-4B1F-9F70-125CC7FBD469}.Release|Any CPU.ActiveCfg = Release|Any CPU
		{2AB526A3-33C5-4B1F-9F70-125CC7FBD469}.Release|Any CPU.Build.0 = Release|Any CPU
		{8F38D320-DA4D-46A5-A31D-D8E56499A495}.Debug|Any CPU.ActiveCfg = Debug|Any CPU
		{8F38D320-DA4D-46A5-A31D-D8E56499A495}.Debug|Any CPU.Build.0 = Debug|Any CPU
		{8F38D320-DA4D-46A5-A31D-D8E56499A495}.Release|Any CPU.ActiveCfg = Release|Any CPU
		{8F38D320-DA4D-46A5-A31D-D8E56499A495}.Release|Any CPU.Build.0 = Release|Any CPU
		{0EF01A65-0C12-4C53-A56C-85B8BB3B7942}.Debug|Any CPU.ActiveCfg = Debug|Any CPU
		{0EF01A65-0C12-4C53-A56C-85B8BB3B7942}.Debug|Any CPU.Build.0 = Debug|Any CPU
		{0EF01A65-0C12-4C53-A56C-85B8BB3B7942}.Release|Any CPU.ActiveCfg = Release|Any CPU
		{0EF01A65-0C12-4C53-A56C-85B8BB3B7942}.Release|Any CPU.Build.0 = Release|Any CPU
		{28A45638-8252-4626-8C89-CD0731632183}.Debug|Any CPU.ActiveCfg = Debug|Any CPU
		{28A45638-8252-4626-8C89-CD0731632183}.Debug|Any CPU.Build.0 = Debug|Any CPU
		{28A45638-8252-4626-8C89-CD0731632183}.Release|Any CPU.ActiveCfg = Release|Any CPU
		{28A45638-8252-4626-8C89-CD0731632183}.Release|Any CPU.Build.0 = Release|Any CPU
		{6688B01E-473D-4AAE-81BA-27A7A6A7554F}.Debug|Any CPU.ActiveCfg = Debug|Any CPU
		{6688B01E-473D-4AAE-81BA-27A7A6A7554F}.Debug|Any CPU.Build.0 = Debug|Any CPU
		{6688B01E-473D-4AAE-81BA-27A7A6A7554F}.Release|Any CPU.ActiveCfg = Release|Any CPU
		{6688B01E-473D-4AAE-81BA-27A7A6A7554F}.Release|Any CPU.Build.0 = Release|Any CPU
		{DBF715F9-AE15-4C12-AE6C-FE1B5455E918}.Debug|Any CPU.ActiveCfg = Debug|Any CPU
		{DBF715F9-AE15-4C12-AE6C-FE1B5455E918}.Debug|Any CPU.Build.0 = Debug|Any CPU
		{DBF715F9-AE15-4C12-AE6C-FE1B5455E918}.Release|Any CPU.ActiveCfg = Release|Any CPU
		{DBF715F9-AE15-4C12-AE6C-FE1B5455E918}.Release|Any CPU.Build.0 = Release|Any CPU
		{0E97AFC7-CF80-4CBD-97F8-0BD8A0A404D1}.Debug|Any CPU.ActiveCfg = Debug|Any CPU
		{0E97AFC7-CF80-4CBD-97F8-0BD8A0A404D1}.Debug|Any CPU.Build.0 = Debug|Any CPU
		{0E97AFC7-CF80-4CBD-97F8-0BD8A0A404D1}.Release|Any CPU.ActiveCfg = Release|Any CPU
		{0E97AFC7-CF80-4CBD-97F8-0BD8A0A404D1}.Release|Any CPU.Build.0 = Release|Any CPU
	EndGlobalSection
	GlobalSection(SolutionProperties) = preSolution
		HideSolutionNode = FALSE
	EndGlobalSection
EndGlobal
